// !$*UTF8*$!
{
	archiveVersion = 1;
	classes = {
	};
	objectVersion = 50;
	objects = {

/* Begin PBXBuildFile section */
		5C0FF0A921F994C600889E70 /* SnakeView.m in Sources */ = {isa = PBXBuildFile; fileRef = 5C0FF0A821F994C600889E70 /* SnakeView.m */; };
		5C22513C21F6FD36000731D7 /* AppDelegate.m in Sources */ = {isa = PBXBuildFile; fileRef = 5C22513B21F6FD36000731D7 /* AppDelegate.m */; };
		5C22513F21F6FD36000731D7 /* ViewController.m in Sources */ = {isa = PBXBuildFile; fileRef = 5C22513E21F6FD36000731D7 /* ViewController.m */; };
		5C22514221F6FD36000731D7 /* Main.storyboard in Resources */ = {isa = PBXBuildFile; fileRef = 5C22514021F6FD36000731D7 /* Main.storyboard */; };
		5C22514421F6FD36000731D7 /* Assets.xcassets in Resources */ = {isa = PBXBuildFile; fileRef = 5C22514321F6FD36000731D7 /* Assets.xcassets */; };
		5C22514721F6FD36000731D7 /* LaunchScreen.storyboard in Resources */ = {isa = PBXBuildFile; fileRef = 5C22514521F6FD36000731D7 /* LaunchScreen.storyboard */; };
		5C22514A21F6FD36000731D7 /* main.m in Sources */ = {isa = PBXBuildFile; fileRef = 5C22514921F6FD36000731D7 /* main.m */; };
		5C22515421F6FD36000731D7 /* SnakeTests.m in Sources */ = {isa = PBXBuildFile; fileRef = 5C22515321F6FD36000731D7 /* SnakeTests.m */; };
		5C22515F21F6FD36000731D7 /* SnakeUITests.m in Sources */ = {isa = PBXBuildFile; fileRef = 5C22515E21F6FD36000731D7 /* SnakeUITests.m */; };
		5C22516D21F6FD45000731D7 /* Snake.m in Sources */ = {isa = PBXBuildFile; fileRef = 5C22516C21F6FD45000731D7 /* Snake.m */; };
/* End PBXBuildFile section */

/* Begin PBXContainerItemProxy section */
		5C22515021F6FD36000731D7 /* PBXContainerItemProxy */ = {
			isa = PBXContainerItemProxy;
			containerPortal = 5C22512F21F6FD36000731D7 /* Project object */;
			proxyType = 1;
			remoteGlobalIDString = 5C22513621F6FD36000731D7;
			remoteInfo = Snake;
		};
		5C22515B21F6FD36000731D7 /* PBXContainerItemProxy */ = {
			isa = PBXContainerItemProxy;
			containerPortal = 5C22512F21F6FD36000731D7 /* Project object */;
			proxyType = 1;
			remoteGlobalIDString = 5C22513621F6FD36000731D7;
			remoteInfo = Snake;
		};
/* End PBXContainerItemProxy section */

/* Begin PBXFileReference section */
		5C0FF0A721F994BA00889E70 /* SnakeView.h */ = {isa = PBXFileReference; lastKnownFileType = sourcecode.c.h; path = SnakeView.h; sourceTree = "<group>"; };
		5C0FF0A821F994C600889E70 /* SnakeView.m */ = {isa = PBXFileReference; lastKnownFileType = sourcecode.c.objc; path = SnakeView.m; sourceTree = "<group>"; };
		5C22513721F6FD36000731D7 /* Snake.app */ = {isa = PBXFileReference; explicitFileType = wrapper.application; includeInIndex = 0; path = Snake.app; sourceTree = BUILT_PRODUCTS_DIR; };
		5C22513A21F6FD36000731D7 /* AppDelegate.h */ = {isa = PBXFileReference; lastKnownFileType = sourcecode.c.h; path = AppDelegate.h; sourceTree = "<group>"; };
		5C22513B21F6FD36000731D7 /* AppDelegate.m */ = {isa = PBXFileReference; lastKnownFileType = sourcecode.c.objc; path = AppDelegate.m; sourceTree = "<group>"; };
		5C22513D21F6FD36000731D7 /* ViewController.h */ = {isa = PBXFileReference; lastKnownFileType = sourcecode.c.h; path = ViewController.h; sourceTree = "<group>"; };
		5C22513E21F6FD36000731D7 /* ViewController.m */ = {isa = PBXFileReference; lastKnownFileType = sourcecode.c.objc; path = ViewController.m; sourceTree = "<group>"; };
		5C22514121F6FD36000731D7 /* Base */ = {isa = PBXFileReference; lastKnownFileType = file.storyboard; name = Base; path = Base.lproj/Main.storyboard; sourceTree = "<group>"; };
		5C22514321F6FD36000731D7 /* Assets.xcassets */ = {isa = PBXFileReference; lastKnownFileType = folder.assetcatalog; path = Assets.xcassets; sourceTree = "<group>"; };
		5C22514621F6FD36000731D7 /* Base */ = {isa = PBXFileReference; lastKnownFileType = file.storyboard; name = Base; path = Base.lproj/LaunchScreen.storyboard; sourceTree = "<group>"; };
		5C22514821F6FD36000731D7 /* Info.plist */ = {isa = PBXFileReference; lastKnownFileType = text.plist.xml; path = Info.plist; sourceTree = "<group>"; };
		5C22514921F6FD36000731D7 /* main.m */ = {isa = PBXFileReference; lastKnownFileType = sourcecode.c.objc; path = main.m; sourceTree = "<group>"; };
		5C22514F21F6FD36000731D7 /* SnakeTests.xctest */ = {isa = PBXFileReference; explicitFileType = wrapper.cfbundle; includeInIndex = 0; path = SnakeTests.xctest; sourceTree = BUILT_PRODUCTS_DIR; };
		5C22515321F6FD36000731D7 /* SnakeTests.m */ = {isa = PBXFileReference; lastKnownFileType = sourcecode.c.objc; path = SnakeTests.m; sourceTree = "<group>"; };
		5C22515521F6FD36000731D7 /* Info.plist */ = {isa = PBXFileReference; lastKnownFileType = text.plist.xml; path = Info.plist; sourceTree = "<group>"; };
		5C22515A21F6FD36000731D7 /* SnakeUITests.xctest */ = {isa = PBXFileReference; explicitFileType = wrapper.cfbundle; includeInIndex = 0; path = SnakeUITests.xctest; sourceTree = BUILT_PRODUCTS_DIR; };
		5C22515E21F6FD36000731D7 /* SnakeUITests.m */ = {isa = PBXFileReference; lastKnownFileType = sourcecode.c.objc; path = SnakeUITests.m; sourceTree = "<group>"; };
		5C22516021F6FD36000731D7 /* Info.plist */ = {isa = PBXFileReference; lastKnownFileType = text.plist.xml; path = Info.plist; sourceTree = "<group>"; };
		5C22516C21F6FD45000731D7 /* Snake.m */ = {isa = PBXFileReference; lastKnownFileType = sourcecode.c.objc; path = Snake.m; sourceTree = "<group>"; };
		5C22516E21F6FD51000731D7 /* Snake.h */ = {isa = PBXFileReference; lastKnownFileType = sourcecode.c.h; path = Snake.h; sourceTree = "<group>"; };
/* End PBXFileReference section */

/* Begin PBXFrameworksBuildPhase section */
		5C22513421F6FD36000731D7 /* Frameworks */ = {
			isa = PBXFrameworksBuildPhase;
			buildActionMask = 2147483647;
			files = (
			);
			runOnlyForDeploymentPostprocessing = 0;
		};
		5C22514C21F6FD36000731D7 /* Frameworks */ = {
			isa = PBXFrameworksBuildPhase;
			buildActionMask = 2147483647;
			files = (
			);
			runOnlyForDeploymentPostprocessing = 0;
		};
		5C22515721F6FD36000731D7 /* Frameworks */ = {
			isa = PBXFrameworksBuildPhase;
			buildActionMask = 2147483647;
			files = (
			);
			runOnlyForDeploymentPostprocessing = 0;
		};
/* End PBXFrameworksBuildPhase section */

/* Begin PBXGroup section */
		5C0FF0AA21F9955A00889E70 /* Model */ = {
			isa = PBXGroup;
			children = (
				5C22516C21F6FD45000731D7 /* Snake.m */,
				5C22516E21F6FD51000731D7 /* Snake.h */,
			);
			path = Model;
			sourceTree = "<group>";
		};
		5C22512E21F6FD36000731D7 = {
			isa = PBXGroup;
			children = (
				5C22513921F6FD36000731D7 /* Snake */,
				5C22515221F6FD36000731D7 /* SnakeTests */,
				5C22515D21F6FD36000731D7 /* SnakeUITests */,
				5C22513821F6FD36000731D7 /* Products */,
			);
			sourceTree = "<group>";
		};
		5C22513821F6FD36000731D7 /* Products */ = {
			isa = PBXGroup;
			children = (
				5C22513721F6FD36000731D7 /* Snake.app */,
				5C22514F21F6FD36000731D7 /* SnakeTests.xctest */,
				5C22515A21F6FD36000731D7 /* SnakeUITests.xctest */,
			);
			name = Products;
			sourceTree = "<group>";
		};
		5C22513921F6FD36000731D7 /* Snake */ = {
			isa = PBXGroup;
			children = (
				5C22513A21F6FD36000731D7 /* AppDelegate.h */,
				5C22513B21F6FD36000731D7 /* AppDelegate.m */,
				5C0FF0A721F994BA00889E70 /* SnakeView.h */,
				5C0FF0A821F994C600889E70 /* SnakeView.m */,
				5C0FF0AA21F9955A00889E70 /* Model */,
				5C22513D21F6FD36000731D7 /* ViewController.h */,
				5C22513E21F6FD36000731D7 /* ViewController.m */,
				5C22514021F6FD36000731D7 /* Main.storyboard */,
				5C22514321F6FD36000731D7 /* Assets.xcassets */,
				5C22514521F6FD36000731D7 /* LaunchScreen.storyboard */,
				5C22514821F6FD36000731D7 /* Info.plist */,
				5C22514921F6FD36000731D7 /* main.m */,
			);
			path = Snake;
			sourceTree = "<group>";
		};
		5C22515221F6FD36000731D7 /* SnakeTests */ = {
			isa = PBXGroup;
			children = (
				5C22515321F6FD36000731D7 /* SnakeTests.m */,
				5C22515521F6FD36000731D7 /* Info.plist */,
			);
			path = SnakeTests;
			sourceTree = "<group>";
		};
		5C22515D21F6FD36000731D7 /* SnakeUITests */ = {
			isa = PBXGroup;
			children = (
				5C22515E21F6FD36000731D7 /* SnakeUITests.m */,
				5C22516021F6FD36000731D7 /* Info.plist */,
			);
			path = SnakeUITests;
			sourceTree = "<group>";
		};
/* End PBXGroup section */

/* Begin PBXNativeTarget section */
		5C22513621F6FD36000731D7 /* Snake */ = {
			isa = PBXNativeTarget;
			buildConfigurationList = 5C22516321F6FD36000731D7 /* Build configuration list for PBXNativeTarget "Snake" */;
			buildPhases = (
				5C22513321F6FD36000731D7 /* Sources */,
				5C22513421F6FD36000731D7 /* Frameworks */,
				5C22513521F6FD36000731D7 /* Resources */,
			);
			buildRules = (
			);
			dependencies = (
			);
			name = Snake;
			productName = Snake;
			productReference = 5C22513721F6FD36000731D7 /* Snake.app */;
			productType = "com.apple.product-type.application";
		};
		5C22514E21F6FD36000731D7 /* SnakeTests */ = {
			isa = PBXNativeTarget;
			buildConfigurationList = 5C22516621F6FD36000731D7 /* Build configuration list for PBXNativeTarget "SnakeTests" */;
			buildPhases = (
				5C22514B21F6FD36000731D7 /* Sources */,
				5C22514C21F6FD36000731D7 /* Frameworks */,
				5C22514D21F6FD36000731D7 /* Resources */,
			);
			buildRules = (
			);
			dependencies = (
				5C22515121F6FD36000731D7 /* PBXTargetDependency */,
			);
			name = SnakeTests;
			productName = SnakeTests;
			productReference = 5C22514F21F6FD36000731D7 /* SnakeTests.xctest */;
			productType = "com.apple.product-type.bundle.unit-test";
		};
		5C22515921F6FD36000731D7 /* SnakeUITests */ = {
			isa = PBXNativeTarget;
			buildConfigurationList = 5C22516921F6FD36000731D7 /* Build configuration list for PBXNativeTarget "SnakeUITests" */;
			buildPhases = (
				5C22515621F6FD36000731D7 /* Sources */,
				5C22515721F6FD36000731D7 /* Frameworks */,
				5C22515821F6FD36000731D7 /* Resources */,
			);
			buildRules = (
			);
			dependencies = (
				5C22515C21F6FD36000731D7 /* PBXTargetDependency */,
			);
			name = SnakeUITests;
			productName = SnakeUITests;
			productReference = 5C22515A21F6FD36000731D7 /* SnakeUITests.xctest */;
			productType = "com.apple.product-type.bundle.ui-testing";
		};
/* End PBXNativeTarget section */

/* Begin PBXProject section */
		5C22512F21F6FD36000731D7 /* Project object */ = {
			isa = PBXProject;
			attributes = {
				LastUpgradeCheck = 1010;
				ORGANIZATIONNAME = "Tsihsin Lee";
				TargetAttributes = {
					5C22513621F6FD36000731D7 = {
						CreatedOnToolsVersion = 10.1;
					};
					5C22514E21F6FD36000731D7 = {
						CreatedOnToolsVersion = 10.1;
						TestTargetID = 5C22513621F6FD36000731D7;
					};
					5C22515921F6FD36000731D7 = {
						CreatedOnToolsVersion = 10.1;
						TestTargetID = 5C22513621F6FD36000731D7;
					};
				};
			};
			buildConfigurationList = 5C22513221F6FD36000731D7 /* Build configuration list for PBXProject "Snake" */;
			compatibilityVersion = "Xcode 9.3";
			developmentRegion = en;
			hasScannedForEncodings = 0;
			knownRegions = (
				en,
				Base,
			);
			mainGroup = 5C22512E21F6FD36000731D7;
			productRefGroup = 5C22513821F6FD36000731D7 /* Products */;
			projectDirPath = "";
			projectRoot = "";
			targets = (
				5C22513621F6FD36000731D7 /* Snake */,
				5C22514E21F6FD36000731D7 /* SnakeTests */,
				5C22515921F6FD36000731D7 /* SnakeUITests */,
			);
		};
/* End PBXProject section */

/* Begin PBXResourcesBuildPhase section */
		5C22513521F6FD36000731D7 /* Resources */ = {
			isa = PBXResourcesBuildPhase;
			buildActionMask = 2147483647;
			files = (
				5C22514721F6FD36000731D7 /* LaunchScreen.storyboard in Resources */,
				5C22514421F6FD36000731D7 /* Assets.xcassets in Resources */,
				5C22514221F6FD36000731D7 /* Main.storyboard in Resources */,
			);
			runOnlyForDeploymentPostprocessing = 0;
		};
		5C22514D21F6FD36000731D7 /* Resources */ = {
			isa = PBXResourcesBuildPhase;
			buildActionMask = 2147483647;
			files = (
			);
			runOnlyForDeploymentPostprocessing = 0;
		};
		5C22515821F6FD36000731D7 /* Resources */ = {
			isa = PBXResourcesBuildPhase;
			buildActionMask = 2147483647;
			files = (
			);
			runOnlyForDeploymentPostprocessing = 0;
		};
/* End PBXResourcesBuildPhase section */

/* Begin PBXSourcesBuildPhase section */
		5C22513321F6FD36000731D7 /* Sources */ = {
			isa = PBXSourcesBuildPhase;
			buildActionMask = 2147483647;
			files = (
				5C22516D21F6FD45000731D7 /* Snake.m in Sources */,
				5C22513F21F6FD36000731D7 /* ViewController.m in Sources */,
				5C22514A21F6FD36000731D7 /* main.m in Sources */,
				5C22513C21F6FD36000731D7 /* AppDelegate.m in Sources */,
				5C0FF0A921F994C600889E70 /* SnakeView.m in Sources */,
			);
			runOnlyForDeploymentPostprocessing = 0;
		};
		5C22514B21F6FD36000731D7 /* Sources */ = {
			isa = PBXSourcesBuildPhase;
			buildActionMask = 2147483647;
			files = (
				5C22515421F6FD36000731D7 /* SnakeTests.m in Sources */,
			);
			runOnlyForDeploymentPostprocessing = 0;
		};
		5C22515621F6FD36000731D7 /* Sources */ = {
			isa = PBXSourcesBuildPhase;
			buildActionMask = 2147483647;
			files = (
				5C22515F21F6FD36000731D7 /* SnakeUITests.m in Sources */,
			);
			runOnlyForDeploymentPostprocessing = 0;
		};
/* End PBXSourcesBuildPhase section */

/* Begin PBXTargetDependency section */
		5C22515121F6FD36000731D7 /* PBXTargetDependency */ = {
			isa = PBXTargetDependency;
			target = 5C22513621F6FD36000731D7 /* Snake */;
			targetProxy = 5C22515021F6FD36000731D7 /* PBXContainerItemProxy */;
		};
		5C22515C21F6FD36000731D7 /* PBXTargetDependency */ = {
			isa = PBXTargetDependency;
			target = 5C22513621F6FD36000731D7 /* Snake */;
			targetProxy = 5C22515B21F6FD36000731D7 /* PBXContainerItemProxy */;
		};
/* End PBXTargetDependency section */

/* Begin PBXVariantGroup section */
		5C22514021F6FD36000731D7 /* Main.storyboard */ = {
			isa = PBXVariantGroup;
			children = (
				5C22514121F6FD36000731D7 /* Base */,
			);
			name = Main.storyboard;
			sourceTree = "<group>";
		};
		5C22514521F6FD36000731D7 /* LaunchScreen.storyboard */ = {
			isa = PBXVariantGroup;
			children = (
				5C22514621F6FD36000731D7 /* Base */,
			);
			name = LaunchScreen.storyboard;
			sourceTree = "<group>";
		};
/* End PBXVariantGroup section */

/* Begin XCBuildConfiguration section */
		5C22516121F6FD36000731D7 /* Debug */ = {
			isa = XCBuildConfiguration;
			buildSettings = {
				ALWAYS_SEARCH_USER_PATHS = NO;
				CLANG_ANALYZER_NONNULL = YES;
				CLANG_ANALYZER_NUMBER_OBJECT_CONVERSION = YES_AGGRESSIVE;
				CLANG_CXX_LANGUAGE_STANDARD = "gnu++14";
				CLANG_CXX_LIBRARY = "libc++";
				CLANG_ENABLE_MODULES = YES;
				CLANG_ENABLE_OBJC_ARC = YES;
				CLANG_ENABLE_OBJC_WEAK = YES;
				CLANG_WARN_BLOCK_CAPTURE_AUTORELEASING = YES;
				CLANG_WARN_BOOL_CONVERSION = YES;
				CLANG_WARN_COMMA = YES;
				CLANG_WARN_CONSTANT_CONVERSION = YES;
				CLANG_WARN_DEPRECATED_OBJC_IMPLEMENTATIONS = YES;
				CLANG_WARN_DIRECT_OBJC_ISA_USAGE = YES_ERROR;
				CLANG_WARN_DOCUMENTATION_COMMENTS = YES;
				CLANG_WARN_EMPTY_BODY = YES;
				CLANG_WARN_ENUM_CONVERSION = YES;
				CLANG_WARN_INFINITE_RECURSION = YES;
				CLANG_WARN_INT_CONVERSION = YES;
				CLANG_WARN_NON_LITERAL_NULL_CONVERSION = YES;
				CLANG_WARN_OBJC_IMPLICIT_RETAIN_SELF = YES;
				CLANG_WARN_OBJC_LITERAL_CONVERSION = YES;
				CLANG_WARN_OBJC_ROOT_CLASS = YES_ERROR;
				CLANG_WARN_RANGE_LOOP_ANALYSIS = YES;
				CLANG_WARN_STRICT_PROTOTYPES = YES;
				CLANG_WARN_SUSPICIOUS_MOVE = YES;
				CLANG_WARN_UNGUARDED_AVAILABILITY = YES_AGGRESSIVE;
				CLANG_WARN_UNREACHABLE_CODE = YES;
				CLANG_WARN__DUPLICATE_METHOD_MATCH = YES;
				CODE_SIGN_IDENTITY = "iPhone Developer";
				COPY_PHASE_STRIP = NO;
				DEBUG_INFORMATION_FORMAT = dwarf;
				ENABLE_STRICT_OBJC_MSGSEND = YES;
				ENABLE_TESTABILITY = YES;
				GCC_C_LANGUAGE_STANDARD = gnu11;
				GCC_DYNAMIC_NO_PIC = NO;
				GCC_NO_COMMON_BLOCKS = YES;
				GCC_OPTIMIZATION_LEVEL = 0;
				GCC_PREPROCESSOR_DEFINITIONS = (
					"DEBUG=1",
					"$(inherited)",
				);
				GCC_WARN_64_TO_32_BIT_CONVERSION = YES;
				GCC_WARN_ABOUT_RETURN_TYPE = YES_ERROR;
				GCC_WARN_UNDECLARED_SELECTOR = YES;
				GCC_WARN_UNINITIALIZED_AUTOS = YES_AGGRESSIVE;
				GCC_WARN_UNUSED_FUNCTION = YES;
				GCC_WARN_UNUSED_VARIABLE = YES;
				IPHONEOS_DEPLOYMENT_TARGET = 12.1;
				MTL_ENABLE_DEBUG_INFO = INCLUDE_SOURCE;
				MTL_FAST_MATH = YES;
				ONLY_ACTIVE_ARCH = YES;
				SDKROOT = iphoneos;
			};
			name = Debug;
		};
		5C22516221F6FD36000731D7 /* Release */ = {
			isa = XCBuildConfiguration;
			buildSettings = {
				ALWAYS_SEARCH_USER_PATHS = NO;
				CLANG_ANALYZER_NONNULL = YES;
				CLANG_ANALYZER_NUMBER_OBJECT_CONVERSION = YES_AGGRESSIVE;
				CLANG_CXX_LANGUAGE_STANDARD = "gnu++14";
				CLANG_CXX_LIBRARY = "libc++";
				CLANG_ENABLE_MODULES = YES;
				CLANG_ENABLE_OBJC_ARC = YES;
				CLANG_ENABLE_OBJC_WEAK = YES;
				CLANG_WARN_BLOCK_CAPTURE_AUTORELEASING = YES;
				CLANG_WARN_BOOL_CONVERSION = YES;
				CLANG_WARN_COMMA = YES;
				CLANG_WARN_CONSTANT_CONVERSION = YES;
				CLANG_WARN_DEPRECATED_OBJC_IMPLEMENTATIONS = YES;
				CLANG_WARN_DIRECT_OBJC_ISA_USAGE = YES_ERROR;
				CLANG_WARN_DOCUMENTATION_COMMENTS = YES;
				CLANG_WARN_EMPTY_BODY = YES;
				CLANG_WARN_ENUM_CONVERSION = YES;
				CLANG_WARN_INFINITE_RECURSION = YES;
				CLANG_WARN_INT_CONVERSION = YES;
				CLANG_WARN_NON_LITERAL_NULL_CONVERSION = YES;
				CLANG_WARN_OBJC_IMPLICIT_RETAIN_SELF = YES;
				CLANG_WARN_OBJC_LITERAL_CONVERSION = YES;
				CLANG_WARN_OBJC_ROOT_CLASS = YES_ERROR;
				CLANG_WARN_RANGE_LOOP_ANALYSIS = YES;
				CLANG_WARN_STRICT_PROTOTYPES = YES;
				CLANG_WARN_SUSPICIOUS_MOVE = YES;
				CLANG_WARN_UNGUARDED_AVAILABILITY = YES_AGGRESSIVE;
				CLANG_WARN_UNREACHABLE_CODE = YES;
				CLANG_WARN__DUPLICATE_METHOD_MATCH = YES;
				CODE_SIGN_IDENTITY = "iPhone Developer";
				COPY_PHASE_STRIP = NO;
				DEBUG_INFORMATION_FORMAT = "dwarf-with-dsym";
				ENABLE_NS_ASSERTIONS = NO;
				ENABLE_STRICT_OBJC_MSGSEND = YES;
				GCC_C_LANGUAGE_STANDARD = gnu11;
				GCC_NO_COMMON_BLOCKS = YES;
				GCC_WARN_64_TO_32_BIT_CONVERSION = YES;
				GCC_WARN_ABOUT_RETURN_TYPE = YES_ERROR;
				GCC_WARN_UNDECLARED_SELECTOR = YES;
				GCC_WARN_UNINITIALIZED_AUTOS = YES_AGGRESSIVE;
				GCC_WARN_UNUSED_FUNCTION = YES;
				GCC_WARN_UNUSED_VARIABLE = YES;
				IPHONEOS_DEPLOYMENT_TARGET = 12.1;
				MTL_ENABLE_DEBUG_INFO = NO;
				MTL_FAST_MATH = YES;
				SDKROOT = iphoneos;
				VALIDATE_PRODUCT = YES;
			};
			name = Release;
		};
		5C22516421F6FD36000731D7 /* Debug */ = {
			isa = XCBuildConfiguration;
			buildSettings = {
				ASSETCATALOG_COMPILER_APPICON_NAME = AppIcon;
				CODE_SIGN_STYLE = Automatic;
				DEVELOPMENT_TEAM = J3AZ8J7WB4;
				INFOPLIST_FILE = Snake/Info.plist;
				LD_RUNPATH_SEARCH_PATHS = (
					"$(inherited)",
					"@executable_path/Frameworks",
				);
				PRODUCT_BUNDLE_IDENTIFIER = "Tsihsin-Lee.Snake";
				PRODUCT_NAME = "$(TARGET_NAME)";
				TARGETED_DEVICE_FAMILY = "1,2";
			};
			name = Debug;
		};
		5C22516521F6FD36000731D7 /* Release */ = {
			isa = XCBuildConfiguration;
			buildSettings = {
				ASSETCATALOG_COMPILER_APPICON_NAME = AppIcon;
				CODE_SIGN_STYLE = Automatic;
				DEVELOPMENT_TEAM = J3AZ8J7WB4;
				INFOPLIST_FILE = Snake/Info.plist;
				LD_RUNPATH_SEARCH_PATHS = (
					"$(inherited)",
					"@executable_path/Frameworks",
				);
				PRODUCT_BUNDLE_IDENTIFIER = "Tsihsin-Lee.Snake";
				PRODUCT_NAME = "$(TARGET_NAME)";
				TARGETED_DEVICE_FAMILY = "1,2";
			};
			name = Release;
		};
		5C22516721F6FD36000731D7 /* Debug */ = {
			isa = XCBuildConfiguration;
			buildSettings = {
				BUNDLE_LOADER = "$(TEST_HOST)";
				CODE_SIGN_STYLE = Automatic;
				INFOPLIST_FILE = SnakeTests/Info.plist;
				LD_RUNPATH_SEARCH_PATHS = (
					"$(inherited)",
					"@executable_path/Frameworks",
					"@loader_path/Frameworks",
				);
				PRODUCT_BUNDLE_IDENTIFIER = "Tsihsin-Lee.SnakeTests";
				PRODUCT_NAME = "$(TARGET_NAME)";
				TARGETED_DEVICE_FAMILY = "1,2";
				TEST_HOST = "$(BUILT_PRODUCTS_DIR)/Snake.app/Snake";
			};
			name = Debug;
		};
		5C22516821F6FD36000731D7 /* Release */ = {
			isa = XCBuildConfiguration;
			buildSettings = {
				BUNDLE_LOADER = "$(TEST_HOST)";
				CODE_SIGN_STYLE = Automatic;
				INFOPLIST_FILE = SnakeTests/Info.plist;
				LD_RUNPATH_SEARCH_PATHS = (
					"$(inherited)",
					"@executable_path/Frameworks",
					"@loader_path/Frameworks",
				);
				PRODUCT_BUNDLE_IDENTIFIER = "Tsihsin-Lee.SnakeTests";
				PRODUCT_NAME = "$(TARGET_NAME)";
				TARGETED_DEVICE_FAMILY = "1,2";
				TEST_HOST = "$(BUILT_PRODUCTS_DIR)/Snake.app/Snake";
			};
			name = Release;
		};
		5C22516A21F6FD36000731D7 /* Debug */ = {
			isa = XCBuildConfiguration;
			buildSettings = {
				CODE_SIGN_STYLE = Automatic;
				INFOPLIST_FILE = SnakeUITests/Info.plist;
				LD_RUNPATH_SEARCH_PATHS = (
					"$(inherited)",
					"@executable_path/Frameworks",
					"@loader_path/Frameworks",
				);
				PRODUCT_BUNDLE_IDENTIFIER = "Tsihsin-Lee.SnakeUITests";
				PRODUCT_NAME = "$(TARGET_NAME)";
				TARGETED_DEVICE_FAMILY = "1,2";
				TEST_TARGET_NAME = Snake;
			};
			name = Debug;
		};
		5C22516B21F6FD36000731D7 /* Release */ = {
			isa = XCBuildConfiguration;
			buildSettings = {
				CODE_SIGN_STYLE = Automatic;
				INFOPLIST_FILE = SnakeUITests/Info.plist;
				LD_RUNPATH_SEARCH_PATHS = (
					"$(inherited)",
					"@executable_path/Frameworks",
					"@loader_path/Frameworks",
				);
				PRODUCT_BUNDLE_IDENTIFIER = "Tsihsin-Lee.SnakeUITests";
				PRODUCT_NAME = "$(TARGET_NAME)";
				TARGETED_DEVICE_FAMILY = "1,2";
				TEST_TARGET_NAME = Snake;
			};
			name = Release;
		};
/* End XCBuildConfiguration section */

/* Begin XCConfigurationList section */
		5C22513221F6FD36000731D7 /* Build configuration list for PBXProject "Snake" */ = {
			isa = XCConfigurationList;
			buildConfigurations = (
				5C22516121F6FD36000731D7 /* Debug */,
				5C22516221F6FD36000731D7 /* Release */,
			);
			defaultConfigurationIsVisible = 0;
			defaultConfigurationName = Release;
		};
		5C22516321F6FD36000731D7 /* Build configuration list for PBXNativeTarget "Snake" */ = {
			isa = XCConfigurationList;
			buildConfigurations = (
				5C22516421F6FD36000731D7 /* Debug */,
				5C22516521F6FD36000731D7 /* Release */,
			);
			defaultConfigurationIsVisible = 0;
			defaultConfigurationName = Release;
		};
		5C22516621F6FD36000731D7 /* Build configuration list for PBXNativeTarget "SnakeTests" */ = {
			isa = XCConfigurationList;
			buildConfigurations = (
				5C22516721F6FD36000731D7 /* Debug */,
				5C22516821F6FD36000731D7 /* Release */,
			);
			defaultConfigurationIsVisible = 0;
			defaultConfigurationName = Release;
		};
		5C22516921F6FD36000731D7 /* Build configuration list for PBXNativeTarget "SnakeUITests" */ = {
			isa = XCConfigurationList;
			buildConfigurations = (
				5C22516A21F6FD36000731D7 /* Debug */,
				5C22516B21F6FD36000731D7 /* Release */,
			);
			defaultConfigurationIsVisible = 0;
			defaultConfigurationName = Release;
		};
/* End XCConfigurationList section */
	};
	rootObject = 5C22512F21F6FD36000731D7 /* Project object */;
}
